
Microsoft Visual Studio Solution File, Format Version 12.00
# Visual Studio Version 16
VisualStudioVersion = 16.0.32106.194
MinimumVisualStudioVersion = 10.0.40219.1
Project("{9A19103F-16F7-4668-BE54-9A1E7A4F7556}") = "Fleetmanagement-app Groep1", "Fleetmanagement-app Groep1.csproj", "{B3CAF841-4DE4-414E-8190-CCD0B4C51B02}"
EndProject
Project("{9A19103F-16F7-4668-BE54-9A1E7A4F7556}") = "Fleetmanagement-app-DAL", "..\Fleetmanagement-app-DAL\Fleetmanagement-app-DAL.csproj", "{267EDA84-8814-4146-B4E4-5F31C0796E9D}"
EndProject
Project("{9A19103F-16F7-4668-BE54-9A1E7A4F7556}") = "Fleetmanagement Unit Tests", "..\Fleetmanagement Unit Tests\Fleetmanagement Unit Tests.csproj", "{34DCD292-5D9D-408B-B84F-EB8C4C605973}"
EndProject
Project("{9A19103F-16F7-4668-BE54-9A1E7A4F7556}") = "Fleetmanagement-app-BLL", "..\Fleetmanagement-app-BLL\Fleetmanagement-app-BLL.csproj", "{517082AA-A77F-4DEC-8E37-B880EC23D5B4}"
EndProject
Project("{FAE04EC0-301F-11D3-BF4B-00C04F79EFBC}") = "FleetManagement-app-PL", "..\FleetManagement-app-PL\FleetManagement-app-PL.csproj", "{9620DCE1-7A8E-424F-967C-ECC86699243B}"
EndProject
Global
	GlobalSection(SolutionConfigurationPlatforms) = preSolution
		Debug|Any CPU = Debug|Any CPU
		Release|Any CPU = Release|Any CPU
	EndGlobalSection
	GlobalSection(ProjectConfigurationPlatforms) = postSolution
		{B3CAF841-4DE4-414E-8190-CCD0B4C51B02}.Debug|Any CPU.ActiveCfg = Debug|Any CPU
		{B3CAF841-4DE4-414E-8190-CCD0B4C51B02}.Debug|Any CPU.Build.0 = Debug|Any CPU
		{B3CAF841-4DE4-414E-8190-CCD0B4C51B02}.Release|Any CPU.ActiveCfg = Release|Any CPU
		{B3CAF841-4DE4-414E-8190-CCD0B4C51B02}.Release|Any CPU.Build.0 = Release|Any CPU
		{267EDA84-8814-4146-B4E4-5F31C0796E9D}.Debug|Any CPU.ActiveCfg = Debug|Any CPU
		{267EDA84-8814-4146-B4E4-5F31C0796E9D}.Debug|Any CPU.Build.0 = Debug|Any CPU
		{267EDA84-8814-4146-B4E4-5F31C0796E9D}.Release|Any CPU.ActiveCfg = Release|Any CPU
		{267EDA84-8814-4146-B4E4-5F31C0796E9D}.Release|Any CPU.Build.0 = Release|Any CPU
		{34DCD292-5D9D-408B-B84F-EB8C4C605973}.Debug|Any CPU.ActiveCfg = Debug|Any CPU
		{34DCD292-5D9D-408B-B84F-EB8C4C605973}.Debug|Any CPU.Build.0 = Debug|Any CPU
		{34DCD292-5D9D-408B-B84F-EB8C4C605973}.Release|Any CPU.ActiveCfg = Release|Any CPU
		{34DCD292-5D9D-408B-B84F-EB8C4C605973}.Release|Any CPU.Build.0 = Release|Any CPU
		{517082AA-A77F-4DEC-8E37-B880EC23D5B4}.Debug|Any CPU.ActiveCfg = Debug|Any CPU
		{517082AA-A77F-4DEC-8E37-B880EC23D5B4}.Debug|Any CPU.Build.0 = Debug|Any CPU
		{517082AA-A77F-4DEC-8E37-B880EC23D5B4}.Release|Any CPU.ActiveCfg = Release|Any CPU
		{517082AA-A77F-4DEC-8E37-B880EC23D5B4}.Release|Any CPU.Build.0 = Release|Any CPU
		{9620DCE1-7A8E-424F-967C-ECC86699243B}.Debug|Any CPU.ActiveCfg = Debug|Any CPU
		{9620DCE1-7A8E-424F-967C-ECC86699243B}.Debug|Any CPU.Build.0 = Debug|Any CPU
		{9620DCE1-7A8E-424F-967C-ECC86699243B}.Release|Any CPU.ActiveCfg = Release|Any CPU
		{9620DCE1-7A8E-424F-967C-ECC86699243B}.Release|Any CPU.Build.0 = Release|Any CPU
	EndGlobalSection
	GlobalSection(SolutionProperties) = preSolution
		HideSolutionNode = FALSE
	EndGlobalSection
	GlobalSection(ExtensibilityGlobals) = postSolution
		SolutionGuid = {9750E2B2-E1B5-434E-A640-E784C9D5BC1F}
	EndGlobalSection
EndGlobal
